
Microsoft Visual Studio Solution File, Format Version 12.00
Project("{FAE04EC0-301F-11D3-BF4B-00C04F79EFBC}") = "Mats.Edvardsen.TestingStuff.Web", "Mats.Edvardsen.TestingStuff.Web\Mats.Edvardsen.TestingStuff.Web.csproj", "{6098317C-26C3-4BEA-B4CA-EAC6F774B2F9}"
EndProject
Project("{FAE04EC0-301F-11D3-BF4B-00C04F79EFBC}") = "Mats.Edvardsen.TestingStuff.Web.Tests", "Mats.Edvardsen.TestingStuff.Web.Tests\Mats.Edvardsen.TestingStuff.Web.Tests.csproj", "{039C3CD9-D44C-4054-BB13-5A7AC2B5DD63}"
EndProject
Project("{FAE04EC0-301F-11D3-BF4B-00C04F79EFBC}") = "Mats.Edvardsen.TestingStuff.Data", "Mats.Edvardsen.TestingStuff.Data\Mats.Edvardsen.TestingStuff.Data.csproj", "{2A4709DE-768C-43C3-A7C9-DDFFC4989B80}"
EndProject
Project("{FAE04EC0-301F-11D3-BF4B-00C04F79EFBC}") = "Mats.Edvardsen.TestingStuff.ConfigResearch.Test", "Mats.Edvardsen.TestingStuff.ConfigResearch.Test\Mats.Edvardsen.TestingStuff.ConfigResearch.Test.csproj", "{0D654522-0774-46F7-8949-9A5524243EA3}"
EndProject
Project("{2150E333-8FDC-42A3-9474-1A3956D46DE8}") = "ConfigurationResearch", "ConfigurationResearch", "{20AA4FB3-4BBB-4527-9034-84E5DF97C521}"
EndProject
Project("{2150E333-8FDC-42A3-9474-1A3956D46DE8}") = "WebApp", "WebApp", "{E81D8936-CB88-425A-849B-9DBDAF06C418}"
EndProject
Global
	GlobalSection(SolutionConfigurationPlatforms) = preSolution
		Debug|Any CPU = Debug|Any CPU
		Release|Any CPU = Release|Any CPU
	EndGlobalSection
	GlobalSection(ProjectConfigurationPlatforms) = postSolution
		{6098317C-26C3-4BEA-B4CA-EAC6F774B2F9}.Debug|Any CPU.ActiveCfg = Debug|Any CPU
		{6098317C-26C3-4BEA-B4CA-EAC6F774B2F9}.Debug|Any CPU.Build.0 = Debug|Any CPU
		{6098317C-26C3-4BEA-B4CA-EAC6F774B2F9}.Release|Any CPU.ActiveCfg = Release|Any CPU
		{6098317C-26C3-4BEA-B4CA-EAC6F774B2F9}.Release|Any CPU.Build.0 = Release|Any CPU
		{039C3CD9-D44C-4054-BB13-5A7AC2B5DD63}.Debug|Any CPU.ActiveCfg = Debug|Any CPU
		{039C3CD9-D44C-4054-BB13-5A7AC2B5DD63}.Debug|Any CPU.Build.0 = Debug|Any CPU
		{039C3CD9-D44C-4054-BB13-5A7AC2B5DD63}.Release|Any CPU.ActiveCfg = Release|Any CPU
		{039C3CD9-D44C-4054-BB13-5A7AC2B5DD63}.Release|Any CPU.Build.0 = Release|Any CPU
		{2A4709DE-768C-43C3-A7C9-DDFFC4989B80}.Debug|Any CPU.ActiveCfg = Debug|Any CPU
		{2A4709DE-768C-43C3-A7C9-DDFFC4989B80}.Debug|Any CPU.Build.0 = Debug|Any CPU
		{2A4709DE-768C-43C3-A7C9-DDFFC4989B80}.Release|Any CPU.ActiveCfg = Release|Any CPU
		{2A4709DE-768C-43C3-A7C9-DDFFC4989B80}.Release|Any CPU.Build.0 = Release|Any CPU
		{0D654522-0774-46F7-8949-9A5524243EA3}.Debug|Any CPU.ActiveCfg = Debug|Any CPU
		{0D654522-0774-46F7-8949-9A5524243EA3}.Debug|Any CPU.Build.0 = Debug|Any CPU
		{0D654522-0774-46F7-8949-9A5524243EA3}.Release|Any CPU.ActiveCfg = Release|Any CPU
		{0D654522-0774-46F7-8949-9A5524243EA3}.Release|Any CPU.Build.0 = Release|Any CPU
	EndGlobalSection
	GlobalSection(NestedProjects) = preSolution
		{0D654522-0774-46F7-8949-9A5524243EA3} = {20AA4FB3-4BBB-4527-9034-84E5DF97C521}
		{2A4709DE-768C-43C3-A7C9-DDFFC4989B80} = {E81D8936-CB88-425A-849B-9DBDAF06C418}
		{6098317C-26C3-4BEA-B4CA-EAC6F774B2F9} = {E81D8936-CB88-425A-849B-9DBDAF06C418}
		{039C3CD9-D44C-4054-BB13-5A7AC2B5DD63} = {E81D8936-CB88-425A-849B-9DBDAF06C418}
	EndGlobalSection
EndGlobal
